{
  "name": "vanttest",
  "version": "1.0.0",
  "lockfileVersion": 1,
  "requires": true,
  "dependencies": {
    "@vant/weapp": {
      "version": "1.9.2",
      "resolved": "http://60.191.64.2:4873/@vant%2fweapp/-/weapp-1.9.2.tgz",
      "integrity": "sha1-QGF0wR0/Qh277/mVpVbOHTBimQg="
    },
    "vant-weapp": {
      "version": "0.5.29",
      "resolved": "http://60.191.64.2:4873/vant-weapp/-/vant-weapp-0.5.29.tgz",
      "integrity": "sha1-i7wJQmPNilYMkzKy514tuibMBeA="
    }
  }
}
